{
  "version": 2,
  "dependencies": {
    "net8.0": {
      "Godot.SourceGenerators": {
        "type": "Direct",
        "requested": "[4.7.1, )",
        "resolved": "4.7.1",
        "contentHash": "XNYxnzQtZw/3ebPgpVC5eKMH5z3mx/MFNAb9rNeb/SmyMus+u4GPbwMN1ZsmXf0j4a9L/Uj55PbZIHLk96EFyQ=="
      },
      "GodotSharp": {
        "type": "Direct",
        "requested": "[4.7.1, )",
        "resolved": "4.7.1",
        "contentHash": "OCTPz0MtENY0J1e9Sw4VB9qxS0DK9xpEQLAIMRzCtnVKiJvHZUAAnJ9mU4ewW5+88V4beewp3dl8OE813Qw73g=="
      },
      "GodotSharpEditor": {
        "type": "Direct",
        "requested": "[4.7.1, )",
        "resolved": "4.7.1",
        "contentHash": "MAX9wPgjX9BM+EOMxuF++mWKdvO2y0ZiEAfv6D68HGseQc8mX//yc7QrJizXSJ4ii1nh3krXZSyIJ77nmjOgYA==",
        "dependencies": {
          "GodotSharp": "4.7.1"
        }
      },
      "mechaminer.content": {
        "type": "Project"
      },
      "mechaminer.persistence": {
        "type": "Project",
        "dependencies": {
          "MechaMiner.Content": "[1.0.0, )"
        }
      },
      "mechaminer.simulation": {
        "type": "Project",
        "dependencies": {
          "MechaMiner.Content": "[1.0.0, )"
        }
      }
    }
  }
}