
Microsoft Visual Studio Solution File, Format Version 12.00
# Visual Studio Version 17
VisualStudioVersion = 17.0.31903.59
MinimumVisualStudioVersion = 10.0.40219.1
Project("{2150E333-8FDC-42A3-9474-1A3956D46DE8}") = "src", "src", "{827E0CD3-B72D-47B6-A68D-7590B98EB39B}"
EndProject
Project("{FAE04EC0-301F-11D3-BF4B-00C04F79EFBC}") = "MechaMiner.Content", "src\MechaMiner.Content\MechaMiner.Content.csproj", "{F373E30C-EF36-4229-B2AF-7C9383BB4AB9}"
EndProject
Project("{FAE04EC0-301F-11D3-BF4B-00C04F79EFBC}") = "MechaMiner.Simulation", "src\MechaMiner.Simulation\MechaMiner.Simulation.csproj", "{041F1961-AEB7-4C30-8725-6DA65C2D6061}"
EndProject
Project("{FAE04EC0-301F-11D3-BF4B-00C04F79EFBC}") = "MechaMiner.Persistence", "src\MechaMiner.Persistence\MechaMiner.Persistence.csproj", "{C42BA226-9B5B-496E-B5D9-5D5E572A3138}"
EndProject
Project("{FAE04EC0-301F-11D3-BF4B-00C04F79EFBC}") = "MechaMiner.Tools", "src\MechaMiner.Tools\MechaMiner.Tools.csproj", "{E17ADC0D-F0C7-425A-A03D-ADB722425256}"
EndProject
Project("{2150E333-8FDC-42A3-9474-1A3956D46DE8}") = "tests", "tests", "{0AB3BF05-4346-4AA6-1389-037BE0695223}"
EndProject
Project("{FAE04EC0-301F-11D3-BF4B-00C04F79EFBC}") = "MechaMiner.Content.Tests", "tests\MechaMiner.Content.Tests\MechaMiner.Content.Tests.csproj", "{BF0EB406-7892-4C70-A708-B2154105B6BD}"
EndProject
Project("{FAE04EC0-301F-11D3-BF4B-00C04F79EFBC}") = "MechaMiner.Simulation.Tests", "tests\MechaMiner.Simulation.Tests\MechaMiner.Simulation.Tests.csproj", "{43564950-7705-40FE-9A4D-22010371AF20}"
EndProject
Project("{FAE04EC0-301F-11D3-BF4B-00C04F79EFBC}") = "MechaMiner.Persistence.Tests", "tests\MechaMiner.Persistence.Tests\MechaMiner.Persistence.Tests.csproj", "{7A92D9E9-4EEF-4129-ADF7-C0C2C80A1ADE}"
EndProject
Project("{FAE04EC0-301F-11D3-BF4B-00C04F79EFBC}") = "MechaMiner.Game.Tests", "tests\MechaMiner.Game.Tests\MechaMiner.Game.Tests.csproj", "{0BB64D36-DA09-4406-86BE-9C1F48290EAC}"
EndProject
Project("{2150E333-8FDC-42A3-9474-1A3956D46DE8}") = "game", "game", "{AE49D761-A782-2099-29A5-159B937B43CB}"
EndProject
Project("{FAE04EC0-301F-11D3-BF4B-00C04F79EFBC}") = "MechaMiner.Game", "game\MechaMiner.Game.csproj", "{AC19AE8B-B059-49B3-8C8E-7EBED0C8F131}"
EndProject
Project("{FAE04EC0-301F-11D3-BF4B-00C04F79EFBC}") = "MechaMiner.Diagnostics", "src\MechaMiner.Diagnostics\MechaMiner.Diagnostics.csproj", "{D87B7C70-D8C2-450A-ABAD-0E7A6CA00E47}"
EndProject
Project("{FAE04EC0-301F-11D3-BF4B-00C04F79EFBC}") = "MechaMiner.Diagnostics.Tests", "tests\MechaMiner.Diagnostics.Tests\MechaMiner.Diagnostics.Tests.csproj", "{5C1E4A2B-7F63-4D18-9E20-3A8C61B4D907}"
EndProject
Project("{FAE04EC0-301F-11D3-BF4B-00C04F79EFBC}") = "MechaMiner.Tools.Tests", "tests\MechaMiner.Tools.Tests\MechaMiner.Tools.Tests.csproj", "{9B34F7D1-42AE-4C05-8D6E-71F2A5E38C40}"
EndProject
Global
	GlobalSection(SolutionConfigurationPlatforms) = preSolution
		Debug|Any CPU = Debug|Any CPU
		ExportDebug|Any CPU = ExportDebug|Any CPU
		ExportRelease|Any CPU = ExportRelease|Any CPU
	EndGlobalSection
	GlobalSection(ProjectConfigurationPlatforms) = postSolution
		{F373E30C-EF36-4229-B2AF-7C9383BB4AB9}.Debug|Any CPU.ActiveCfg = Debug|Any CPU
		{F373E30C-EF36-4229-B2AF-7C9383BB4AB9}.Debug|Any CPU.Build.0 = Debug|Any CPU
		{F373E30C-EF36-4229-B2AF-7C9383BB4AB9}.ExportDebug|Any CPU.ActiveCfg = ExportDebug|Any CPU
		{F373E30C-EF36-4229-B2AF-7C9383BB4AB9}.ExportDebug|Any CPU.Build.0 = ExportDebug|Any CPU
		{F373E30C-EF36-4229-B2AF-7C9383BB4AB9}.ExportRelease|Any CPU.ActiveCfg = ExportRelease|Any CPU
		{F373E30C-EF36-4229-B2AF-7C9383BB4AB9}.ExportRelease|Any CPU.Build.0 = ExportRelease|Any CPU
		{041F1961-AEB7-4C30-8725-6DA65C2D6061}.Debug|Any CPU.ActiveCfg = Debug|Any CPU
		{041F1961-AEB7-4C30-8725-6DA65C2D6061}.Debug|Any CPU.Build.0 = Debug|Any CPU
		{041F1961-AEB7-4C30-8725-6DA65C2D6061}.ExportDebug|Any CPU.ActiveCfg = ExportDebug|Any CPU
		{041F1961-AEB7-4C30-8725-6DA65C2D6061}.ExportDebug|Any CPU.Build.0 = ExportDebug|Any CPU
		{041F1961-AEB7-4C30-8725-6DA65C2D6061}.ExportRelease|Any CPU.ActiveCfg = ExportRelease|Any CPU
		{041F1961-AEB7-4C30-8725-6DA65C2D6061}.ExportRelease|Any CPU.Build.0 = ExportRelease|Any CPU
		{C42BA226-9B5B-496E-B5D9-5D5E572A3138}.Debug|Any CPU.ActiveCfg = Debug|Any CPU
		{C42BA226-9B5B-496E-B5D9-5D5E572A3138}.Debug|Any CPU.Build.0 = Debug|Any CPU
		{C42BA226-9B5B-496E-B5D9-5D5E572A3138}.ExportDebug|Any CPU.ActiveCfg = ExportDebug|Any CPU
		{C42BA226-9B5B-496E-B5D9-5D5E572A3138}.ExportDebug|Any CPU.Build.0 = ExportDebug|Any CPU
		{C42BA226-9B5B-496E-B5D9-5D5E572A3138}.ExportRelease|Any CPU.ActiveCfg = ExportRelease|Any CPU
		{C42BA226-9B5B-496E-B5D9-5D5E572A3138}.ExportRelease|Any CPU.Build.0 = ExportRelease|Any CPU
		{E17ADC0D-F0C7-425A-A03D-ADB722425256}.Debug|Any CPU.ActiveCfg = Debug|Any CPU
		{E17ADC0D-F0C7-425A-A03D-ADB722425256}.Debug|Any CPU.Build.0 = Debug|Any CPU
		{E17ADC0D-F0C7-425A-A03D-ADB722425256}.ExportDebug|Any CPU.ActiveCfg = ExportDebug|Any CPU
		{E17ADC0D-F0C7-425A-A03D-ADB722425256}.ExportDebug|Any CPU.Build.0 = ExportDebug|Any CPU
		{E17ADC0D-F0C7-425A-A03D-ADB722425256}.ExportRelease|Any CPU.ActiveCfg = ExportRelease|Any CPU
		{E17ADC0D-F0C7-425A-A03D-ADB722425256}.ExportRelease|Any CPU.Build.0 = ExportRelease|Any CPU
		{BF0EB406-7892-4C70-A708-B2154105B6BD}.Debug|Any CPU.ActiveCfg = Debug|Any CPU
		{BF0EB406-7892-4C70-A708-B2154105B6BD}.Debug|Any CPU.Build.0 = Debug|Any CPU
		{BF0EB406-7892-4C70-A708-B2154105B6BD}.ExportDebug|Any CPU.ActiveCfg = ExportDebug|Any CPU
		{BF0EB406-7892-4C70-A708-B2154105B6BD}.ExportDebug|Any CPU.Build.0 = ExportDebug|Any CPU
		{BF0EB406-7892-4C70-A708-B2154105B6BD}.ExportRelease|Any CPU.ActiveCfg = ExportRelease|Any CPU
		{BF0EB406-7892-4C70-A708-B2154105B6BD}.ExportRelease|Any CPU.Build.0 = ExportRelease|Any CPU
		{43564950-7705-40FE-9A4D-22010371AF20}.Debug|Any CPU.ActiveCfg = Debug|Any CPU
		{43564950-7705-40FE-9A4D-22010371AF20}.Debug|Any CPU.Build.0 = Debug|Any CPU
		{43564950-7705-40FE-9A4D-22010371AF20}.ExportDebug|Any CPU.ActiveCfg = ExportDebug|Any CPU
		{43564950-7705-40FE-9A4D-22010371AF20}.ExportDebug|Any CPU.Build.0 = ExportDebug|Any CPU
		{43564950-7705-40FE-9A4D-22010371AF20}.ExportRelease|Any CPU.ActiveCfg = ExportRelease|Any CPU
		{43564950-7705-40FE-9A4D-22010371AF20}.ExportRelease|Any CPU.Build.0 = ExportRelease|Any CPU
		{7A92D9E9-4EEF-4129-ADF7-C0C2C80A1ADE}.Debug|Any CPU.ActiveCfg = Debug|Any CPU
		{7A92D9E9-4EEF-4129-ADF7-C0C2C80A1ADE}.Debug|Any CPU.Build.0 = Debug|Any CPU
		{7A92D9E9-4EEF-4129-ADF7-C0C2C80A1ADE}.ExportDebug|Any CPU.ActiveCfg = ExportDebug|Any CPU
		{7A92D9E9-4EEF-4129-ADF7-C0C2C80A1ADE}.ExportDebug|Any CPU.Build.0 = ExportDebug|Any CPU
		{7A92D9E9-4EEF-4129-ADF7-C0C2C80A1ADE}.ExportRelease|Any CPU.ActiveCfg = ExportRelease|Any CPU
		{7A92D9E9-4EEF-4129-ADF7-C0C2C80A1ADE}.ExportRelease|Any CPU.Build.0 = ExportRelease|Any CPU
		{0BB64D36-DA09-4406-86BE-9C1F48290EAC}.Debug|Any CPU.ActiveCfg = Debug|Any CPU
		{0BB64D36-DA09-4406-86BE-9C1F48290EAC}.Debug|Any CPU.Build.0 = Debug|Any CPU
		{0BB64D36-DA09-4406-86BE-9C1F48290EAC}.ExportDebug|Any CPU.ActiveCfg = ExportDebug|Any CPU
		{0BB64D36-DA09-4406-86BE-9C1F48290EAC}.ExportDebug|Any CPU.Build.0 = ExportDebug|Any CPU
		{0BB64D36-DA09-4406-86BE-9C1F48290EAC}.ExportRelease|Any CPU.ActiveCfg = ExportRelease|Any CPU
		{0BB64D36-DA09-4406-86BE-9C1F48290EAC}.ExportRelease|Any CPU.Build.0 = ExportRelease|Any CPU
		{AC19AE8B-B059-49B3-8C8E-7EBED0C8F131}.Debug|Any CPU.ActiveCfg = Debug|Any CPU
		{AC19AE8B-B059-49B3-8C8E-7EBED0C8F131}.Debug|Any CPU.Build.0 = Debug|Any CPU
		{AC19AE8B-B059-49B3-8C8E-7EBED0C8F131}.ExportDebug|Any CPU.ActiveCfg = ExportDebug|Any CPU
		{AC19AE8B-B059-49B3-8C8E-7EBED0C8F131}.ExportDebug|Any CPU.Build.0 = ExportDebug|Any CPU
		{AC19AE8B-B059-49B3-8C8E-7EBED0C8F131}.ExportRelease|Any CPU.ActiveCfg = ExportRelease|Any CPU
		{AC19AE8B-B059-49B3-8C8E-7EBED0C8F131}.ExportRelease|Any CPU.Build.0 = ExportRelease|Any CPU
		{D87B7C70-D8C2-450A-ABAD-0E7A6CA00E47}.Debug|Any CPU.ActiveCfg = Debug|Any CPU
		{D87B7C70-D8C2-450A-ABAD-0E7A6CA00E47}.Debug|Any CPU.Build.0 = Debug|Any CPU
		{D87B7C70-D8C2-450A-ABAD-0E7A6CA00E47}.ExportDebug|Any CPU.ActiveCfg = ExportDebug|Any CPU
		{D87B7C70-D8C2-450A-ABAD-0E7A6CA00E47}.ExportDebug|Any CPU.Build.0 = ExportDebug|Any CPU
		{D87B7C70-D8C2-450A-ABAD-0E7A6CA00E47}.ExportRelease|Any CPU.ActiveCfg = ExportRelease|Any CPU
		{D87B7C70-D8C2-450A-ABAD-0E7A6CA00E47}.ExportRelease|Any CPU.Build.0 = ExportRelease|Any CPU
		{5C1E4A2B-7F63-4D18-9E20-3A8C61B4D907}.Debug|Any CPU.ActiveCfg = Debug|Any CPU
		{5C1E4A2B-7F63-4D18-9E20-3A8C61B4D907}.Debug|Any CPU.Build.0 = Debug|Any CPU
		{5C1E4A2B-7F63-4D18-9E20-3A8C61B4D907}.ExportDebug|Any CPU.ActiveCfg = ExportDebug|Any CPU
		{5C1E4A2B-7F63-4D18-9E20-3A8C61B4D907}.ExportDebug|Any CPU.Build.0 = ExportDebug|Any CPU
		{5C1E4A2B-7F63-4D18-9E20-3A8C61B4D907}.ExportRelease|Any CPU.ActiveCfg = ExportRelease|Any CPU
		{5C1E4A2B-7F63-4D18-9E20-3A8C61B4D907}.ExportRelease|Any CPU.Build.0 = ExportRelease|Any CPU
		{9B34F7D1-42AE-4C05-8D6E-71F2A5E38C40}.Debug|Any CPU.ActiveCfg = Debug|Any CPU
		{9B34F7D1-42AE-4C05-8D6E-71F2A5E38C40}.Debug|Any CPU.Build.0 = Debug|Any CPU
		{9B34F7D1-42AE-4C05-8D6E-71F2A5E38C40}.ExportDebug|Any CPU.ActiveCfg = ExportDebug|Any CPU
		{9B34F7D1-42AE-4C05-8D6E-71F2A5E38C40}.ExportDebug|Any CPU.Build.0 = ExportDebug|Any CPU
		{9B34F7D1-42AE-4C05-8D6E-71F2A5E38C40}.ExportRelease|Any CPU.ActiveCfg = ExportRelease|Any CPU
		{9B34F7D1-42AE-4C05-8D6E-71F2A5E38C40}.ExportRelease|Any CPU.Build.0 = ExportRelease|Any CPU
	EndGlobalSection
	GlobalSection(SolutionProperties) = preSolution
		HideSolutionNode = FALSE
	EndGlobalSection
	GlobalSection(NestedProjects) = preSolution
		{F373E30C-EF36-4229-B2AF-7C9383BB4AB9} = {827E0CD3-B72D-47B6-A68D-7590B98EB39B}
		{041F1961-AEB7-4C30-8725-6DA65C2D6061} = {827E0CD3-B72D-47B6-A68D-7590B98EB39B}
		{C42BA226-9B5B-496E-B5D9-5D5E572A3138} = {827E0CD3-B72D-47B6-A68D-7590B98EB39B}
		{E17ADC0D-F0C7-425A-A03D-ADB722425256} = {827E0CD3-B72D-47B6-A68D-7590B98EB39B}
		{BF0EB406-7892-4C70-A708-B2154105B6BD} = {0AB3BF05-4346-4AA6-1389-037BE0695223}
		{43564950-7705-40FE-9A4D-22010371AF20} = {0AB3BF05-4346-4AA6-1389-037BE0695223}
		{7A92D9E9-4EEF-4129-ADF7-C0C2C80A1ADE} = {0AB3BF05-4346-4AA6-1389-037BE0695223}
		{0BB64D36-DA09-4406-86BE-9C1F48290EAC} = {0AB3BF05-4346-4AA6-1389-037BE0695223}
		{AC19AE8B-B059-49B3-8C8E-7EBED0C8F131} = {AE49D761-A782-2099-29A5-159B937B43CB}
		{D87B7C70-D8C2-450A-ABAD-0E7A6CA00E47} = {827E0CD3-B72D-47B6-A68D-7590B98EB39B}
		{5C1E4A2B-7F63-4D18-9E20-3A8C61B4D907} = {0AB3BF05-4346-4AA6-1389-037BE0695223}
		{9B34F7D1-42AE-4C05-8D6E-71F2A5E38C40} = {0AB3BF05-4346-4AA6-1389-037BE0695223}
	EndGlobalSection
EndGlobal
