{
  "version": 2,
  "dependencies": {
    "net8.0": {
      "mechaminer.content": {
        "type": "Project"
      },
      "mechaminer.persistence": {
        "type": "Project",
        "dependencies": {
          "MechaMiner.Content": "[1.0.0, )"
        }
      },
      "mechaminer.simulation": {
        "type": "Project",
        "dependencies": {
          "MechaMiner.Content": "[1.0.0, )",
          "MechaMiner.Persistence": "[1.0.0, )"
        }
      }
    }
  }
}